Microsoft Visual Studio Solution File, Format Version 12.00
# Visual Studio Version 17
VisualStudioVersion = 17.13.35931.197
MinimumVisualStudioVersion = 10.0.40219.1
Project("{FAE04EC0-301F-11D3-BF4B-00C04F79EFBC}") = "WebApplicationIS", "WebApplicationIS\WebApplicationIS.csproj", "{D32AF967-9D51-4A70-ADD1-A963D2A6A013}"
EndProject
Global
	GlobalSection(SolutionConfigurationPlatforms) = preSolution
		Debug|Any CPU = Debug|Any CPU
		Release|Any CPU = Release|Any CPU
	EndGlobalSection
	GlobalSection(ProjectConfigurationPlatforms) = postSolution
		{D32AF967-9D51-4A70-ADD1-A963D2A6A013}.Debug|Any CPU.ActiveCfg = Debug|Any CPU
		{D32AF967-9D51-4A70-ADD1-A963D2A6A013}.Debug|Any CPU.Build.0 = Debug|Any CPU
		{D32AF967-9D51-4A70-ADD1-A963D2A6A013}.Release|Any CPU.ActiveCfg = Release|Any CPU
		{D32AF967-9D51-4A70-ADD1-A963D2A6A013}.Release|Any CPU.Build.0 = Release|Any CPU
	EndGlobalSection
	GlobalSection(SolutionProperties) = preSolution
		HideSolutionNode = FALSE
	EndGlobalSection
	GlobalSection(ExtensibilityGlobals) = postSolution
		SolutionGuid = {4FE97693-A502-4434-86FE-E0A8DE258BF4}
	EndGlobalSection
EndGlobal
